# This file is generated by running "yarn install" inside your project.
# Manual changes might be lost - proceed with caution!

__metadata:
  version: 4
  cacheKey: 6

"@hapi/bourne@npm:^2.0.0":
  version: 2.0.0
  resolution: "@hapi/bourne@npm:2.0.0"
  checksum: 97a3e6d44c63debbb170f5966a8076022e2855f1c4fa81edc8c6fd255ba56ce047c3dcce5055858188610eafd77e6420c67ece7fd17e3192830e2fbca7766fd0
  languageName: node
  linkType: hard

"@types/color-name@npm:^1.1.1":
  version: 1.1.1
  resolution: "@types/color-name@npm:1.1.1"
  checksum: 8311db94a9c4ecd247763b81e783ee49d87678b4ce6a7ee502e2bd5cea242b7357804a04855db009f713174bc654cc0c01c7303d40d757e5d710f5ac0368500f
  languageName: node
  linkType: hard

"@types/node@npm:*, @types/node@npm:^14.6.4":
  version: 14.6.4
  resolution: "@types/node@npm:14.6.4"
  checksum: bff274e362080628c96e51b1948be668b68117e35d6353691c753052e490efc0934a0c0a3ba5d2739ac70e745932a9f6b049b7d01a1d96c9ae0c93c3b1b88ed0
  languageName: node
  linkType: hard

"@types/pino-std-serializers@npm:*":
  version: 2.4.1
  resolution: "@types/pino-std-serializers@npm:2.4.1"
  dependencies:
    "@types/node": "*"
  checksum: af90e75d5420b40d327e27294ab5730c08bfacaf52e3cc700bd6dfd006fa2a982340909f2c9b0f808b44d98bd15396780eed1626040189a41910f2fc23fe3461
  languageName: node
  linkType: hard

"@types/pino@npm:^6.3.0":
  version: 6.3.0
  resolution: "@types/pino@npm:6.3.0"
  dependencies:
    "@types/node": "*"
    "@types/pino-std-serializers": "*"
    "@types/sonic-boom": "*"
  checksum: 7a1cb8ed2fa3ee62cd89443da18a8a16799dbbeeb23881ce53fb40092af2e79898f505cc75ee52bf1599b6e6a1913edf89dbefc3097ebdd5aaf309c5abdf971b
  languageName: node
  linkType: hard

"@types/sonic-boom@npm:*":
  version: 0.7.0
  resolution: "@types/sonic-boom@npm:0.7.0"
  dependencies:
    "@types/node": "*"
  checksum: b6a7c29c7b7d92307571b44629c94af0cad6674cb4251ce5387cd2e6d8051511fa8397a28cf3b387fd4ef26ce79442cbe8f9cae141fda7628fdf532af274e6ba
  languageName: node
  linkType: hard

"abstract-logging@npm:^2.0.0":
  version: 2.0.0
  resolution: "abstract-logging@npm:2.0.0"
  checksum: a39757fe94ab143c517860213e44f8c289ca3be9100b05fdc0a1a2df15eebc36744eab5ed3573248bbf3c3af9ba43d673230181a7a6987463898705fe4936d95
  languageName: node
  linkType: hard

"ajv@npm:^6.11.0, ajv@npm:^6.12.2":
  version: 6.12.4
  resolution: "ajv@npm:6.12.4"
  dependencies:
    fast-deep-equal: ^3.1.1
    fast-json-stable-stringify: ^2.0.0
    json-schema-traverse: ^0.4.1
    uri-js: ^4.2.2
  checksum: 50d72b0a10326732072f5481b1b6bd5a43f8d770878b8f88ba5bb232abb745cefbf7f87a0e64679bd477d4a8bba0b3aea084675bd34943db5279c15907ee658f
  languageName: node
  linkType: hard

"analytics@workspace:services/analytics":
  version: 0.0.0-use.local
  resolution: "analytics@workspace:services/analytics"
  dependencies:
    "@types/node": ^14.6.4
    core: "workspace:packages/core"
    dotenv: ^8.2.0
  languageName: unknown
  linkType: soft

"ansi-regex@npm:^5.0.0":
  version: 5.0.0
  resolution: "ansi-regex@npm:5.0.0"
  checksum: cbd9b5c9dbbb4a949c2a6e93f1c6cc19f0683d8a4724d08d2158627be6d373f0f3ba1f4ada01dce7ee141f2ba2628fbbd29932c7d49926e3b630c7f329f3178b
  languageName: node
  linkType: hard

"ansi-styles@npm:^3.2.1":
  version: 3.2.1
  resolution: "ansi-styles@npm:3.2.1"
  dependencies:
    color-convert: ^1.9.0
  checksum: 456e1c23d9277512a47718da75e7fbb0a5ee215ef893c2f76d6b3efe8fceabc861121b80b0362146f5f995d21a1633f05a19bbf6283ae66ac11dc3b9c0bed779
  languageName: node
  linkType: hard

"ansi-styles@npm:^4.1.0":
  version: 4.2.1
  resolution: "ansi-styles@npm:4.2.1"
  dependencies:
    "@types/color-name": ^1.1.1
    color-convert: ^2.0.1
  checksum: c8c007d5dab7b4fea064c9ea318114e1f6fc714bb382d061ac09e66bc83c8f3ce12bb6354be01598722c14a5d710af280b7614d269354f80d2535946aefa82f4
  languageName: node
  linkType: hard

"archy@npm:^1.0.0":
  version: 1.0.0
  resolution: "archy@npm:1.0.0"
  checksum: fed06a0487f79dd89f30a8558f3e8f88011025ded47b10e412a4fc8f842a4ddec6e51af5a117258f5b84bef587cff7d1e056df4f453a7d8752a46e25bf5be7dc
  languageName: node
  linkType: hard

"args@npm:^5.0.1":
  version: 5.0.1
  resolution: "args@npm:5.0.1"
  dependencies:
    camelcase: 5.0.0
    chalk: 2.4.2
    leven: 2.1.0
    mri: 1.1.4
  checksum: 2c322bff707f140744c4296fe5fb38b0111fc67f9e2433d6a4e5685b2697ec25ac6d9afe1938f8947b1badd89db870d99cbfeb1376d37b41081fe96d082613df
  languageName: node
  linkType: hard

"atomic-sleep@npm:^1.0.0":
  version: 1.0.0
  resolution: "atomic-sleep@npm:1.0.0"
  checksum: 2c6fa68cafef5ec1501245da00cde40b8f7ac71428bd727a923ea883b81ad643667a85677056cd663ad3ca584a49dbeb3a1bd4e6c70c1e9e36afd71b6e36ef96
  languageName: node
  linkType: hard

"avvio@npm:^7.1.2":
  version: 7.2.0
  resolution: "avvio@npm:7.2.0"
  dependencies:
    archy: ^1.0.0
    debug: ^4.0.0
    fastq: ^1.6.1
    queue-microtask: ^1.1.2
  checksum: 653d18238e952975a37eb86080d061f7ece9182a73094bf719571fe79f79cb22dad999d4e21036bcfa3e19047fe7d0f9fd981bc588ec463edd7cf98cd6d6e61f
  languageName: node
  linkType: hard

"billing@workspace:services/billing":
  version: 0.0.0-use.local
  resolution: "billing@workspace:services/billing"
  dependencies:
    "@types/node": ^14.6.4
    core: "workspace:packages/core"
    dotenv: ^8.2.0
  languageName: unknown
  linkType: soft

"camelcase@npm:5.0.0":
  version: 5.0.0
  resolution: "camelcase@npm:5.0.0"
  checksum: 73567fa11f981cf6b6f282bf87197172771dccef7a8b1574115058e3f5266f8e0523541b629ba14ee05c269e743f516238862d32812afd6759dbb5fa5080da8e
  languageName: node
  linkType: hard

"campaign@workspace:services/campaign":
  version: 0.0.0-use.local
  resolution: "campaign@workspace:services/campaign"
  dependencies:
    "@types/node": ^14.6.4
    core: "workspace:packages/core"
    dotenv: ^8.2.0
  languageName: unknown
  linkType: soft

"chalk@npm:2.4.2":
  version: 2.4.2
  resolution: "chalk@npm:2.4.2"
  dependencies:
    ansi-styles: ^3.2.1
    escape-string-regexp: ^1.0.5
    supports-color: ^5.3.0
  checksum: 22c7b7b5bc761c882bb6516454a1a671923f1c53ff972860065aa0b28a195f230163c1d46ee88bcc7a03e5539177d896457d8bc727de7f244c6e87032743038e
  languageName: node
  linkType: hard

"chalk@npm:^4.0.0":
  version: 4.1.0
  resolution: "chalk@npm:4.1.0"
  dependencies:
    ansi-styles: ^4.1.0
    supports-color: ^7.1.0
  checksum: f860285b419f9e925c2db0f45ffa88aa8794c14b80cc5d01ff30930bcfc384996606362706f0829cf557f6d36152a5fb2d227ad63c4bc90e2ec9e9dbed4a3c07
  languageName: node
  linkType: hard

"color-convert@npm:^1.9.0":
  version: 1.9.3
  resolution: "color-convert@npm:1.9.3"
  dependencies:
    color-name: 1.1.3
  checksum: 5f244daa3d1fe1f216d48878c550465067d15268688308554e613b7640a068f96588096d51f0b98b68f15d6ff6bb8ad24e172582ac8c0ad43fa4d3da60fd1b79
  languageName: node
  linkType: hard

"color-convert@npm:^2.0.1":
  version: 2.0.1
  resolution: "color-convert@npm:2.0.1"
  dependencies:
    color-name: ~1.1.4
  checksum: 3d5d8a011a43012ca11b6d739049ecf2055d95582fd16ec44bf1e685eb0baa5cc652002be8a1dc92b429c8d87418287d0528266a7595cb1ad8a7f4f1d3049df2
  languageName: node
  linkType: hard

"color-name@npm:1.1.3":
  version: 1.1.3
  resolution: "color-name@npm:1.1.3"
  checksum: d8b91bb90aefc05b6ff568cf8889566dcc6269824df6f3c9b8ca842b18d7f4d089c07dc166808d33f22092d4a79167aa56a96a5ff0d21efab548bf44614db43b
  languageName: node
  linkType: hard

"color-name@npm:~1.1.4":
  version: 1.1.4
  resolution: "color-name@npm:1.1.4"
  checksum: 3e1c9a4dee12eada307436f61614dd11fe300469db2b83f80c8b7a7cd8a1015f0f18dd13403f018927b249003777ff60baba4a03c65f12e6bddc0dfd9642021f
  languageName: node
  linkType: hard

"communication@workspace:services/communication":
  version: 0.0.0-use.local
  resolution: "communication@workspace:services/communication"
  dependencies:
    "@types/node": ^14.6.4
    core: "workspace:packages/core"
    dotenv: ^8.2.0
  languageName: unknown
  linkType: soft

"contact@workspace:services/contact":
  version: 0.0.0-use.local
  resolution: "contact@workspace:services/contact"
  dependencies:
    "@types/node": ^14.6.4
    core: "workspace:packages/core"
    dotenv: ^8.2.0
  languageName: unknown
  linkType: soft

"cookie@npm:^0.4.0":
  version: 0.4.1
  resolution: "cookie@npm:0.4.1"
  checksum: b8e0928e3e7aba013087974b33a6eec730b0a68b7ec00fc3c089a56ba2883bcf671252fc2ed64775aa1ca64796b6e1f6fdddba25a66808aef77614d235fd3e06
  languageName: node
  linkType: hard

"core@workspace:packages/core":
  version: 0.0.0-use.local
  resolution: "core@workspace:packages/core"
  dependencies:
    "@types/node": ^14.6.4
    "@types/pino": ^6.3.0
    fastify: ^3.3.0
    pino: ^6.5.1
    tslib: ^2.0.1
  languageName: unknown
  linkType: soft

"cross-spawn@npm:^7.0.3":
  version: 7.0.3
  resolution: "cross-spawn@npm:7.0.3"
  dependencies:
    path-key: ^3.1.0
    shebang-command: ^2.0.0
    which: ^2.0.1
  checksum: 51f10036f5f1de781be98f4738d58b50c6d44f4f471069b8ab075b21605893ba1548654880f7310a29a732d6fc7cd481da6026169b9f0831cab0148a62fb397a
  languageName: node
  linkType: hard

"dateformat@npm:^3.0.3":
  version: 3.0.3
  resolution: "dateformat@npm:3.0.3"
  checksum: 8e6b36c4d3d057b6b43a2d9eceb1373aae6a63050153449e26c71b84ecefb1bafc54ff3f7f1e2b8bee3851a2425c1052aaa7c1ed3307b8ff062f38a816d40933
  languageName: node
  linkType: hard

"debug@npm:^4.0.0":
  version: 4.2.0
  resolution: "debug@npm:4.2.0"
  dependencies:
    ms: 2.1.2
  peerDependenciesMeta:
    supports-color:
      optional: true
  checksum: dcfb8ede26b4d899628a75806923ab9ad29daae7db0f6f1ca6227b660693ae0ca085c7f87261793abe0832ad56aff2afc33f907c6b5dc96a41fc208771feb465
  languageName: node
  linkType: hard

"deepmerge@npm:^4.2.2":
  version: 4.2.2
  resolution: "deepmerge@npm:4.2.2"
  checksum: 85abf8e0045ee280996e7d2396979c877ef0741e413b716e42441110e0a83ac08098b2a49cea035510060bf667c0eae3189b2a52349f5fa4b000c211041637b1
  languageName: node
  linkType: hard

"dotenv@npm:^8.2.0":
  version: 8.2.0
  resolution: "dotenv@npm:8.2.0"
  checksum: 16cb89cbd7b98b053899b8aba8c5044c8fb61a2db8a81fe70360b75035fce5fed53bd7a34d772be717d0880c0321122a4c09423f518025e1b52d96791521b1a7
  languageName: node
  linkType: hard

"duplexer@npm:~0.1.1":
  version: 0.1.2
  resolution: "duplexer@npm:0.1.2"
  checksum: 5c2ccea7c8e130bffabeafeadaf58dd38d4abd1b2c563d462f026f78d4b2f2085d64342b964660241591ade874f9a54890a965324f6c56e2bd1924d0cf583c5a
  languageName: node
  linkType: hard

"end-of-stream@npm:^1.1.0":
  version: 1.4.4
  resolution: "end-of-stream@npm:1.4.4"
  dependencies:
    once: ^1.4.0
  checksum: 7da60e458bdb5e16c006a45e85ef3bc1e3791db5ba275b0913258ccddc8899acb9252c4ddbcce87bd1b46e2a3f97315aafb9f0c0330e8aac44defb504a9d3ccd
  languageName: node
  linkType: hard

"escape-string-regexp@npm:^1.0.5":
  version: 1.0.5
  resolution: "escape-string-regexp@npm:1.0.5"
  checksum: f9484b8b4c8827d816e0fd905c25ed4b561376a9c220e1430403ea84619bf680c76a883a48cff8b8e091daf55d6a497e37479f9787b9f15f3c421b6054289744
  languageName: node
  linkType: hard

"event-stream@npm:=3.3.4":
  version: 3.3.4
  resolution: "event-stream@npm:3.3.4"
  dependencies:
    duplexer: ~0.1.1
    from: ~0
    map-stream: ~0.1.0
    pause-stream: 0.0.11
    split: 0.3
    stream-combiner: ~0.0.4
    through: ~2.3.1
  checksum: dd5a563370ed94cfcc8f495528fd4795505d5ee7a991ea7870ec550dd9a785c121b47e931eb3e82be7ff0f449ae113b8026468249715ac432ffa9d402317715e
  languageName: node
  linkType: hard

"fast-decode-uri-component@npm:^1.0.1":
  version: 1.0.1
  resolution: "fast-decode-uri-component@npm:1.0.1"
  checksum: cb3186565330299464f409745086404098127b834b3e8576ae90f3733cf6bf3ea1831e0e5c802c8b2263af0ac1ecf8aaeb99bc34bb4a935496b3318bb60ef3a1
  languageName: node
  linkType: hard

"fast-deep-equal@npm:^3.1.1":
  version: 3.1.3
  resolution: "fast-deep-equal@npm:3.1.3"
  checksum: 451526766b219503131d11e823eaadd1533080b0be4860e316670b039dcaf31cd1007c2fe036a9b922abba7c040dfad5e942ed79d21f2ff849e50049f36e0fb7
  languageName: node
  linkType: hard

"fast-json-stable-stringify@npm:^2.0.0":
  version: 2.1.0
  resolution: "fast-json-stable-stringify@npm:2.1.0"
  checksum: 7df3fabfe445d65953b2d9d9d3958bd895438b215a40fb87dae8b2165c5169a897785eb5d51e6cf0eb03523af756e3d82ea01083f6ac6341fe16db532fee3016
  languageName: node
  linkType: hard

"fast-json-stringify@npm:^2.2.1":
  version: 2.2.3
  resolution: "fast-json-stringify@npm:2.2.3"
  dependencies:
    ajv: ^6.11.0
    deepmerge: ^4.2.2
    string-similarity: ^4.0.1
  checksum: 31f6658877800a4eef4167057682f3bb384bdc3400d9f5daabd534a76080bf95859597b967720176fe1e0fa1a31f670c6c0ef4499919b87858bdb793e750ca5a
  languageName: node
  linkType: hard

"fast-redact@npm:^2.0.0":
  version: 2.0.0
  resolution: "fast-redact@npm:2.0.0"
  checksum: dc2b3a85cfa5bc23d1d75cac1b19868ecf12e4cc75542244a36c87150681f09ccf6e5198041e928a02a9d6bb6d0514c0675677b4ee876ecf558a39ef07d21e23
  languageName: node
  linkType: hard

"fast-safe-stringify@npm:^2.0.7":
  version: 2.0.7
  resolution: "fast-safe-stringify@npm:2.0.7"
  checksum: 7bd22543263b707870d70c6f2336b6e8563e34d6807dc388cc0566895e31e0a8273af017a7eb1c9538d0ef54288284e1c0585b557bd856491295a847159fd929
  languageName: node
  linkType: hard

"fastify-error@npm:^0.2.0":
  version: 0.2.0
  resolution: "fastify-error@npm:0.2.0"
  checksum: b7541e6f1e26a4db5ab7d565969c59f5f8d398555ed393b23a6395370c2594e42b118a9d916626309e23e41ea5bc1e96b30bdc86e5f7b52b2e68f246d2a4cbc3
  languageName: node
  linkType: hard

"fastify-warning@npm:^0.2.0":
  version: 0.2.0
  resolution: "fastify-warning@npm:0.2.0"
  checksum: 17b9e2ffdfbfd40486f3395e4c33a8f997c9d23c3201624eed5596f3e3dcd3d5bf4f0c18b3bf7c32f3e80d1d573df9d59bc5c179fcfe5de52a1baa64934a54cf
  languageName: node
  linkType: hard

"fastify@npm:^3.3.0":
  version: 3.3.0
  resolution: "fastify@npm:3.3.0"
  dependencies:
    abstract-logging: ^2.0.0
    ajv: ^6.12.2
    avvio: ^7.1.2
    fast-json-stringify: ^2.2.1
    fastify-error: ^0.2.0
    fastify-warning: ^0.2.0
    find-my-way: ^3.0.0
    flatstr: ^1.0.12
    light-my-request: ^4.0.0
    pino: ^6.2.1
    proxy-addr: ^2.0.5
    readable-stream: ^3.4.0
    rfdc: ^1.1.4
    secure-json-parse: ^2.0.0
    tiny-lru: ^7.0.0
  checksum: c80a063236143fb4bfae6cf2b84a4c8b1c7beab44fb8b9305344bbb3c09380093607b7cc7819633f3adf3e506c7fa1679990dce569f9efe3285a2706adf73974
  languageName: node
  linkType: hard

"fastq@npm:^1.6.1":
  version: 1.8.0
  resolution: "fastq@npm:1.8.0"
  dependencies:
    reusify: ^1.0.4
  checksum: 77d71545ba88a5c4cbe628716bcf7a0db1dbe81943c1abfbe9eab65db17c6c1db7836e99478b3b8baf21d260b896dff4723f7b7af6606b3d3db2b135bf414c16
  languageName: node
  linkType: hard

"find-my-way@npm:^3.0.0":
  version: 3.0.4
  resolution: "find-my-way@npm:3.0.4"
  dependencies:
    fast-decode-uri-component: ^1.0.1
    safe-regex2: ^2.0.0
    semver-store: ^0.3.0
  checksum: ed0458fb093a80a96e7b53fe0dfda389c616003ce451b49ad03030f9f9e4fa341f2b7a9bc896ee84eb26bb72dde6badf378706aa2a145e75fd68a8a73db488cc
  languageName: node
  linkType: hard

"flatstr@npm:^1.0.12":
  version: 1.0.12
  resolution: "flatstr@npm:1.0.12"
  checksum: 2803767f91887ffd60ac2aac0d6ccf2dd9e2d8f216628a73e3f525d5b5bfa4ac9a5b57334a4c1e6d5622f92f440c52562f7ca9719ace9d025d6c5b7a1a1579db
  languageName: node
  linkType: hard

"forwarded@npm:~0.1.2":
  version: 0.1.2
  resolution: "forwarded@npm:0.1.2"
  checksum: 568d862ad1c514813fc62dc1bd58b8669b16d4ee2e634a6fc71f4849df798883ab94e63d8e1b35a17af51b2b39ca869e672c7310efe42fc7b9bad43a80b5ff87
  languageName: node
  linkType: hard

"from@npm:~0":
  version: 0.1.7
  resolution: "from@npm:0.1.7"
  checksum: 23cc6301f6475806242a68cc2d70e40d363ffe0590c4c053c44638a9fb8c7c77a521f20d5c880b10a5e523a7ba1ca3e0827ccef32bddf0f3ad7b6bda771b1194
  languageName: node
  linkType: hard

"has-flag@npm:^3.0.0":
  version: 3.0.0
  resolution: "has-flag@npm:3.0.0"
  checksum: 63aade480d27aeedb3b5b63a2e069d47d0006bf182338d662e7941cdc024e68a28418e0efa8dc5df30db9c4ee2407f39e6ea3f16cfbc6b83848b450826a28aa0
  languageName: node
  linkType: hard

"has-flag@npm:^4.0.0":
  version: 4.0.0
  resolution: "has-flag@npm:4.0.0"
  checksum: 2e5391139d3d287231ccb58659702392f6e3abeac3296fb4721afaff46493f3d9b99a9329ae015dfe973aa206ed5c75f43e86aec0267dce79aa5c2b6e811b3ad
  languageName: node
  linkType: hard

"inherits@npm:^2.0.3":
  version: 2.0.4
  resolution: "inherits@npm:2.0.4"
  checksum: 98426da247ddfc3dcd7d7daedd90c3ca32d5b08deca08949726f12d49232aef94772a07b36cf4ff833e105ae2ef931777f6de4a6dd8245a216b9299ad4a50bea
  languageName: node
  linkType: hard

"ipaddr.js@npm:1.9.1":
  version: 1.9.1
  resolution: "ipaddr.js@npm:1.9.1"
  checksum: de15bc7e63973d960abc43c9fbbf19589c726774f59d157d1b29382a1e86ae87c68cbd8b5c78a1712a87fc4fcd91e10762c7671950c66a1a19040ff4fd2f9c9b
  languageName: node
  linkType: hard

"isexe@npm:^2.0.0":
  version: 2.0.0
  resolution: "isexe@npm:2.0.0"
  checksum: 7b437980bb77881a146fba85cfbdf01edc2b148673e9c2722a1e49661fea73adf524430a80fdbfb8ce9f60d43224e682c657c45030482bd39e0c488fc29b4afe
  languageName: node
  linkType: hard

"jmespath@npm:^0.15.0":
  version: 0.15.0
  resolution: "jmespath@npm:0.15.0"
  checksum: b3edb0b9773571d72dc1aa2d5590fa0f82419a0a04d5a0d09aee93219f41d046ea9cf3c36931fc48d9430348ca575530beab5968923544136cc8ddcd49ff7a47
  languageName: node
  linkType: hard

"joycon@npm:^2.2.5":
  version: 2.2.5
  resolution: "joycon@npm:2.2.5"
  checksum: 7908f551e05aa754d1068053ec1304c12f3abc9c812f7c5a58bef7d35d247c3b1da14e508970bd411191099949756e2190e24c24b3382f818e7cda83e8ea1899
  languageName: node
  linkType: hard

"json-schema-traverse@npm:^0.4.1":
  version: 0.4.1
  resolution: "json-schema-traverse@npm:0.4.1"
  checksum: 6f71bddba38aa043cf9c05ff9cf37158a6657909f1dd37032ba164b76923da47a17bb4592ee4f7f9c029dfaf26965b821ac214c1f991bb3bd038c9cfea2da50b
  languageName: node
  linkType: hard

"leven@npm:2.1.0":
  version: 2.1.0
  resolution: "leven@npm:2.1.0"
  checksum: fcd39dd4d7cf26e0144641fd44293e6721d3ef785b5b1e97e8f179eaabbaf3a4aeb794ad6b8ba81de41183905f4f573ac21e783ec1375b6936cc46178087264e
  languageName: node
  linkType: hard

"light-my-request@npm:^4.0.0":
  version: 4.0.2
  resolution: "light-my-request@npm:4.0.2"
  dependencies:
    ajv: ^6.12.2
    cookie: ^0.4.0
    readable-stream: ^3.6.0
    set-cookie-parser: ^2.4.1
  checksum: cc0fff22f6b9af91740ae8ba925c7d3039877cf3dbd11ac3a5797bc06e6675e863e70d22c15e9d054eff9651907c8cd824e3ad7ca20e150b42d06940d52a7f55
  languageName: node
  linkType: hard

"map-stream@npm:~0.1.0":
  version: 0.1.0
  resolution: "map-stream@npm:0.1.0"
  checksum: 46003aa4a78c32d2f6d6e71d93f3401cf97ee1823117d1b148872d50373d3642fc1becdbbbf4f27b40692db7cd1cb770fc2be282f2bd785662c68eb1956a1219
  languageName: node
  linkType: hard

"message@workspace:services/message":
  version: 0.0.0-use.local
  resolution: "message@workspace:services/message"
  dependencies:
    "@types/node": ^14.6.4
    core: "workspace:packages/core"
    dotenv: ^8.2.0
  languageName: unknown
  linkType: soft

"mri@npm:1.1.4":
  version: 1.1.4
  resolution: "mri@npm:1.1.4"
  checksum: 5ea30a4f587afeb69bf51c27fa8bcf9aee96ccb6091bc933a9be78e925d2f823e453f3c3752d89f616658c469882519d6d275babd366f89c209ab8bcd627fdbd
  languageName: node
  linkType: hard

"ms@npm:2.1.2":
  version: 2.1.2
  resolution: "ms@npm:2.1.2"
  checksum: 9b65fb709bc30c0c07289dcbdb61ca032acbb9ea5698b55fa62e2cebb04c5953f1876a1f3f7f4bc2e91d4bf4d86003f3e207c3bc6ee2f716f99827e62389cd0e
  languageName: node
  linkType: hard

"node-cleanup@npm:^2.1.2":
  version: 2.1.2
  resolution: "node-cleanup@npm:2.1.2"
  checksum: 696b6f832d6d32a21ac76a7198f57aae268580badff89aa0f7c3d8e2fdc10805b3c216d578644bd7bc8c2b97dccbf3103afddd00f7edb1176ff59f4538cf7b2e
  languageName: node
  linkType: hard

"once@npm:^1.3.1, once@npm:^1.4.0":
  version: 1.4.0
  resolution: "once@npm:1.4.0"
  dependencies:
    wrappy: 1
  checksum: 57afc246536cf6494437f982b26475f22bee860f8b77ce8eb1543f42a8bffe04b2c66ddfea9a16cb25ccb80943f8ee4fc639367ef97b7a6a4f2672eb573963f5
  languageName: node
  linkType: hard

"path-key@npm:^3.1.0":
  version: 3.1.1
  resolution: "path-key@npm:3.1.1"
  checksum: e44aa3ca9faed0440994883050143b1214fffb907bf3a7bbdba15dc84f60821617c0d84e4cc74e1d84e9274003da50427f54d739b0b47636bcbaff4ec71b9b86
  languageName: node
  linkType: hard

"pause-stream@npm:0.0.11":
  version: 0.0.11
  resolution: "pause-stream@npm:0.0.11"
  dependencies:
    through: ~2.3
  checksum: a6bcf306f5e7f2cca0adcb424a6c7fa2760233ffd0631695421fdb29cdf8fbaf734161a6e97ebd05c83764b950029167036b0bb9898b36ae772ad5ad48862e91
  languageName: node
  linkType: hard

"pino-pretty@npm:^4.2.1":
  version: 4.2.1
  resolution: "pino-pretty@npm:4.2.1"
  dependencies:
    "@hapi/bourne": ^2.0.0
    args: ^5.0.1
    chalk: ^4.0.0
    dateformat: ^3.0.3
    fast-safe-stringify: ^2.0.7
    jmespath: ^0.15.0
    joycon: ^2.2.5
    pump: ^3.0.0
    readable-stream: ^3.6.0
    split2: ^3.1.1
    strip-json-comments: ^3.1.1
  bin:
    pino-pretty: bin.js
  checksum: 7e67470f90c40c601640167f1563885f899030cccd78ef0cbc126a2af55e996de730ed04d525f70b0e6e6bb616d4e993833c3a4abf57c041c25ebbae400dec9d
  languageName: node
  linkType: hard

"pino-std-serializers@npm:^2.4.2":
  version: 2.5.0
  resolution: "pino-std-serializers@npm:2.5.0"
  checksum: c7605e6b9dd3b2e6898059da0bca93277ed9139f0b884d9f7c922f22f011ba4a930389a71728e7c682ee5c3bf786aa67a90f10b1eb8eadc0467c5b78883a43bc
  languageName: node
  linkType: hard

"pino@npm:^6.2.1, pino@npm:^6.5.1":
  version: 6.5.1
  resolution: "pino@npm:6.5.1"
  dependencies:
    fast-redact: ^2.0.0
    fast-safe-stringify: ^2.0.7
    flatstr: ^1.0.12
    pino-std-serializers: ^2.4.2
    quick-format-unescaped: ^4.0.1
    sonic-boom: ^1.0.2
  bin:
    pino: bin.js
  checksum: 8302e2858bc0a2bd4e4d1b5df7bf1a8d87b794aa37919772fe0b9916cbc40530458eab22ed8f963a1e689355307d23cf4bea11dfb12c60bc3d8e4ae3c17e9d44
  languageName: node
  linkType: hard

"proxy-addr@npm:^2.0.5":
  version: 2.0.6
  resolution: "proxy-addr@npm:2.0.6"
  dependencies:
    forwarded: ~0.1.2
    ipaddr.js: 1.9.1
  checksum: a7dcfd70258cdc3b73c5dc4a35c73db9857f3bf4cf5e6404380e8ea558f8c5569147e721a01195d00b450e36b4dde727fc9d22fdea14310ba38faa595530cd58
  languageName: node
  linkType: hard

"ps-tree@npm:^1.2.0":
  version: 1.2.0
  resolution: "ps-tree@npm:1.2.0"
  dependencies:
    event-stream: =3.3.4
  bin:
    ps-tree: ./bin/ps-tree.js
  checksum: 0dd001ab27d022acc6226ebf54938deaf151200f778d5f34470dcfe7395e5695331c588641c574e742d3933803c0b974802bd2c22ebe1584afe1c93f319b02cf
  languageName: node
  linkType: hard

"pump@npm:^3.0.0":
  version: 3.0.0
  resolution: "pump@npm:3.0.0"
  dependencies:
    end-of-stream: ^1.1.0
    once: ^1.3.1
  checksum: 5464d5cf6c6f083cc60cb45b074fb9a4a92ba4d3e0d89e9b2fa1906d8151fd3766784a426725ccf1af50d1c29963ac20b13829933549830e08a6704e3f95e08c
  languageName: node
  linkType: hard

"punycode@npm:^2.1.0":
  version: 2.1.1
  resolution: "punycode@npm:2.1.1"
  checksum: 0202dc191cb35bfd88870ac99a1e824b03486d4cee20b543ef337a6dee8d8b11017da32a3e4c40b69b19976e982c030b62bd72bba42884acb691bc5ef91354c8
  languageName: node
  linkType: hard

"queue-microtask@npm:^1.1.2":
  version: 1.1.4
  resolution: "queue-microtask@npm:1.1.4"
  checksum: 1890e97d348338f54c530ef3a04337bf18281dc260a273f900141be91697bd9b335eb9d08d24d1a5c71733700dfa536037d20f52632503bfd4dd3b0c5be4826d
  languageName: node
  linkType: hard

"quick-format-unescaped@npm:^4.0.1":
  version: 4.0.1
  resolution: "quick-format-unescaped@npm:4.0.1"
  checksum: 0935e55e0aaaf789baa080768e822694bc0a497a3170fd35bf2b1aee2a953cf3b5a24e9d29a70dbe7bdc72534c6e1be917ab5c599d587ce0425c98293d8cc1c7
  languageName: node
  linkType: hard

"readable-stream@npm:^3.0.0, readable-stream@npm:^3.4.0, readable-stream@npm:^3.6.0":
  version: 3.6.0
  resolution: "readable-stream@npm:3.6.0"
  dependencies:
    inherits: ^2.0.3
    string_decoder: ^1.1.1
    util-deprecate: ^1.0.1
  checksum: f178b1daa80d9e58ebba71dbb08486430aa6f0dea3a22a1b7401f3f6983077d0bc0edea43099db06b8d006c9ad48d6383e8fb72c05d5b187670aeaf1b9b44f00
  languageName: node
  linkType: hard

"ret@npm:~0.2.0":
  version: 0.2.2
  resolution: "ret@npm:0.2.2"
  checksum: ad260291ff71343d443016b7c6ba0831dd9a51201e621ac8cfc19ab3491ffab41d2b5e4e3a3def06568a665b37a901921f51739c5012c093f2d8582f2d39f3de
  languageName: node
  linkType: hard

"reusify@npm:^1.0.4":
  version: 1.0.4
  resolution: "reusify@npm:1.0.4"
  checksum: 08ef02ed0514f020a51131ba2e6c27c66ccebe25d49cfc83467a0d4054db4634a2853480d0895c710b645ab66af1a6fb3e183888306ae559413bd96c69f39ccd
  languageName: node
  linkType: hard

"rfdc@npm:^1.1.4":
  version: 1.1.4
  resolution: "rfdc@npm:1.1.4"
  checksum: 40a3a89d87a4398df94aa6210b1e51cab9351ddc6e486290ff0477e2b72e2c9e36b281ecebcb2655ad8c9ab71db3717d2e25e3f97fadd54cc02d1d9bd2ccf76e
  languageName: node
  linkType: hard

"safe-buffer@npm:~5.2.0":
  version: 5.2.1
  resolution: "safe-buffer@npm:5.2.1"
  checksum: 0bb57f0d8f9d1fa4fe35ad8a2db1f83a027d48f2822d59ede88fd5cd4ddad83c0b497213feb7a70fbf90597a70c5217f735b0eb1850df40ce9b4ae81dd22b3f9
  languageName: node
  linkType: hard

"safe-regex2@npm:^2.0.0":
  version: 2.0.0
  resolution: "safe-regex2@npm:2.0.0"
  dependencies:
    ret: ~0.2.0
  checksum: 7557097314b77a5d1405486ff9bed7a4d745b657b21a7242c7a9bbf9d7364d6329a603c6f6428d2037b339acf95c99e19808a9904ebfe92ce0525fa199d950d3
  languageName: node
  linkType: hard

"secure-json-parse@npm:^2.0.0":
  version: 2.1.0
  resolution: "secure-json-parse@npm:2.1.0"
  checksum: 1d5327c1ecabc99678620e0c005a3e9d08ff0b2d8b8aef8ba8242b39e0cb17984453dfcf1967bde072c010a4e9f02a3abb1c186f56c0bbd39654a0ee247b77dd
  languageName: node
  linkType: hard

"semver-store@npm:^0.3.0":
  version: 0.3.0
  resolution: "semver-store@npm:0.3.0"
  checksum: 13ca89d1f480425ee362834406cebb3274e6c47c7f1104a144b738dae5877063a55b02fa955bfc276c1e53aa3fd1ac82f78e85ba2b312371d569ef5d4723bfe5
  languageName: node
  linkType: hard

"set-cookie-parser@npm:^2.4.1":
  version: 2.4.6
  resolution: "set-cookie-parser@npm:2.4.6"
  checksum: 6eff809c7139583bb361a659b7916a44f713b3503acc13c5c35fb5a9384a355a12758db1604d642292550f3c1cdccd718ae46d1e960f20a1074d9b12567cfc79
  languageName: node
  linkType: hard

"shebang-command@npm:^2.0.0":
  version: 2.0.0
  resolution: "shebang-command@npm:2.0.0"
  dependencies:
    shebang-regex: ^3.0.0
  checksum: 85aa394d8cedeedf2e03524d6defef67a2b07d3a17d7ee50d4281d62d3fca898f26ebe7aa7bf674d51b80f197aa1d346bc1a10e8efb04377b534f4322c621012
  languageName: node
  linkType: hard

"shebang-regex@npm:^3.0.0":
  version: 3.0.0
  resolution: "shebang-regex@npm:3.0.0"
  checksum: ea18044ffaf18129ced5a246660a9171a7dff98999aaa9de8abb237d8a7711d8a1f76e16881399994ee429156717ce1c6a50c665bb18a4d55a7f80b9125b1f7d
  languageName: node
  linkType: hard

"smartercontact-cqrs@workspace:.":
  version: 0.0.0-use.local
  resolution: "smartercontact-cqrs@workspace:."
  dependencies:
    "@types/node": ^14.6.4
    pino-pretty: ^4.2.1
    ps-tree: ^1.2.0
    string-argv: ^0.3.1
    tsc-watch: ^4.2.9
    tslib: ^2.0.1
    typescript: ^4.0.2
  languageName: unknown
  linkType: soft

"sonic-boom@npm:^1.0.2":
  version: 1.1.0
  resolution: "sonic-boom@npm:1.1.0"
  dependencies:
    atomic-sleep: ^1.0.0
    flatstr: ^1.0.12
  checksum: 5f7690525c3c268386570dfc83279b5b247fc5f8658a87b633d010295322731fa665fa79fa0157f3ff6db8314d533b3c4dfcb05f66863a3c62dde93c389a91bf
  languageName: node
  linkType: hard

"split2@npm:^3.1.1":
  version: 3.2.2
  resolution: "split2@npm:3.2.2"
  dependencies:
    readable-stream: ^3.0.0
  checksum: 04bf20af25bfe917edbb7f719cc9dbd2ca16633e4e6a5e343a8c834310aafd802c74b3aceb96acf3571545b0340d55d2d3273dbee8f9bc6a811371dcfbe0c8a7
  languageName: node
  linkType: hard

"split@npm:0.3":
  version: 0.3.3
  resolution: "split@npm:0.3.3"
  dependencies:
    through: 2
  checksum: 4e20ae69b398d29820873dbba48baeefb6c1db3250cb2cdd467d91d571ea97232e94f21438d08824655d9436fd1c9994ce80e533c7b6a01923332f271bc8a1f4
  languageName: node
  linkType: hard

"stream-combiner@npm:~0.0.4":
  version: 0.0.4
  resolution: "stream-combiner@npm:0.0.4"
  dependencies:
    duplexer: ~0.1.1
  checksum: 0c936c1cb4f0cef21aef31e06d92b4bd39b4243f6dad5e2ce576d4b09c208c30fdc9f269c4a1435da5d2ff42eaa4ba25fcae886db08046effdc03b7e2d0ddcc6
  languageName: node
  linkType: hard

"string-argv@npm:^0.1.1":
  version: 0.1.2
  resolution: "string-argv@npm:0.1.2"
  checksum: 16c89881d6d999b8814f51b45f63187a7832872075249162fa3d4936b0a25cf9c717e21c8db781a265faa3d0d83117e5fef435ee7c776c9fadd241eaf8157f2c
  languageName: node
  linkType: hard

"string-argv@npm:^0.3.1":
  version: 0.3.1
  resolution: "string-argv@npm:0.3.1"
  checksum: 002a6902698eff6bd463ddd2b03864bf9be08a1359879243d94d3906ebbe984ff355d73224064be7504d20262eadb06897b3d40b5d7cefccacc69c9dc45c8d0e
  languageName: node
  linkType: hard

"string-similarity@npm:^4.0.1":
  version: 4.0.2
  resolution: "string-similarity@npm:4.0.2"
  checksum: 0cc9be90f8328abdaa44140ded28f5e2ece3701efe6daf15da15db78fc049d14528b6c28d380d23e75061714782c7b5645315d3dc8bcea7756b9474e75cc7c05
  languageName: node
  linkType: hard

"string_decoder@npm:^1.1.1":
  version: 1.3.0
  resolution: "string_decoder@npm:1.3.0"
  dependencies:
    safe-buffer: ~5.2.0
  checksum: 0a09afb610cb538707fcf0a50a080f159040529eabdba82f23b04f1d1f90adf9ba18cc3800231c6ab2ee55dece047f4bed87c56da52b2afd85c3c7fb73eb7e48
  languageName: node
  linkType: hard

"strip-ansi@npm:^6.0.0":
  version: 6.0.0
  resolution: "strip-ansi@npm:6.0.0"
  dependencies:
    ansi-regex: ^5.0.0
  checksum: 10568c91cadbef182a807c38dfa718dce15a35b12fcc97b96b6b2029d0508ef66ca93fabddeb49482d9b027495d1e18591858e80f27ad26861c4967c60fd207f
  languageName: node
  linkType: hard

"strip-json-comments@npm:^3.1.1":
  version: 3.1.1
  resolution: "strip-json-comments@npm:3.1.1"
  checksum: f16719ce25abc58a55ef82b1c27f541dcfa5d544f17158f62d10be21ff9bd22fde45a53c592b29d80ad3c97ccb67b7451c4833913fdaeadb508a40f5e0a9c206
  languageName: node
  linkType: hard

"supports-color@npm:^5.3.0":
  version: 5.5.0
  resolution: "supports-color@npm:5.5.0"
  dependencies:
    has-flag: ^3.0.0
  checksum: edacee6425498440744c418be94b0660181aad2a1828bcf2be85c42bd385da2fd8b2b358d9b62b0c5b03ff5cd3e992458d7b8f879d9fb42f2201fe05a4848a29
  languageName: node
  linkType: hard

"supports-color@npm:^7.1.0":
  version: 7.2.0
  resolution: "supports-color@npm:7.2.0"
  dependencies:
    has-flag: ^4.0.0
  checksum: 8e57067c39216f3c2ffce7cc14ca934d54746192571203aa9c9922d97d2d55cc1bdaa9e41a11f91e620670b5a74ebdec6b548a885d8cc2dea7cab59e21416029
  languageName: node
  linkType: hard

"through@npm:2, through@npm:~2.3, through@npm:~2.3.1":
  version: 2.3.8
  resolution: "through@npm:2.3.8"
  checksum: 918d9151680b5355990011eb8c4b02e8cb8cf6e9fb6ea3d3e5a1faa688343789e261634ae35de4ea9167ab029d1e7bac6af2fe61b843931768d405fdc3e8897c
  languageName: node
  linkType: hard

"tiny-lru@npm:^7.0.0":
  version: 7.0.6
  resolution: "tiny-lru@npm:7.0.6"
  checksum: 9fb221279eee2747e20511ce9d4cc080527b6c44f835b867d5f02e136fe0e34f0c10348af7e22c56420ffb69636ac042eb4ffead90dd8d80a7b6368be30f112a
  languageName: node
  linkType: hard

"tsc-watch@npm:^4.2.9":
  version: 4.2.9
  resolution: "tsc-watch@npm:4.2.9"
  dependencies:
    cross-spawn: ^7.0.3
    node-cleanup: ^2.1.2
    ps-tree: ^1.2.0
    string-argv: ^0.1.1
    strip-ansi: ^6.0.0
  peerDependencies:
    typescript: "*"
  bin:
    tsc-watch: index.js
  checksum: b1c2a2d295ef5d5b728935337d20b4cf1006d3d815a7c02c9147928393231cfe8475273f2005d5e9b5fa3ab7fd0f4d6eb1e3ce89da250211bce2625b73f2020d
  languageName: node
  linkType: hard

"tslib@npm:^2.0.1":
  version: 2.0.1
  resolution: "tslib@npm:2.0.1"
  checksum: 7b42337a07f536c9650c72471cdf51317f07eb981692e91b8979fee3f6e20136a8f047e6ecdc5f2f3201132a6cc4e0096fa3c58655eba3803bf7fe739ccd088e
  languageName: node
  linkType: hard

typescript@^4.0.2:
  version: 4.0.2
  resolution: "typescript@npm:4.0.2"
  bin:
    tsc: bin/tsc
    tsserver: bin/tsserver
  checksum: cc0e7806eee7997a1b4b2990badacc4a8d089893ed0a377f35c9658e2ac392503cb340d0187203ed82e36e427dda94b0fb7107e44a71cca99efac86be26e16ee
  languageName: node
  linkType: hard

"typescript@patch:typescript@^4.0.2#builtin<compat/typescript>":
  version: 4.0.2
  resolution: "typescript@patch:typescript@npm%3A4.0.2#builtin<compat/typescript>::version=4.0.2&hash=5b02a2"
  bin:
    tsc: bin/tsc
    tsserver: bin/tsserver
  checksum: b8b689ef994cce4fe59950d56ddfffce3c4bdda8edb85b72e752d4a6d27bf7df8a318e76ccde25cbe6e642058f2f4ccf47187db4b243bbc98278a2844db9461b
  languageName: node
  linkType: hard

"uri-js@npm:^4.2.2":
  version: 4.4.0
  resolution: "uri-js@npm:4.4.0"
  dependencies:
    punycode: ^2.1.0
  checksum: 970577344101f43aa64d1e6ab7f78ff0371df0ff7731de66da268125c2703e7bf70693afd0b76c96325e247466b49b4b081d9f54339e9520b2b9c02b598542a6
  languageName: node
  linkType: hard

"user@workspace:services/user":
  version: 0.0.0-use.local
  resolution: "user@workspace:services/user"
  dependencies:
    "@types/node": ^14.6.4
    core: "workspace:packages/core"
    dotenv: ^8.2.0
  languageName: unknown
  linkType: soft

"util-deprecate@npm:^1.0.1":
  version: 1.0.2
  resolution: "util-deprecate@npm:1.0.2"
  checksum: 73c2b1cf0210ccac300645384d8443cabbd93194117b2dc1b3bae8d8279ad39aedac857e020c4ea505e96a1045059c7359db3df6a9df0be6b8584166c9d61dc9
  languageName: node
  linkType: hard

"which@npm:^2.0.1":
  version: 2.0.2
  resolution: "which@npm:2.0.2"
  dependencies:
    isexe: ^2.0.0
  bin:
    node-which: ./bin/node-which
  checksum: ea9b1db1266b08f7880717cf70dd9012dd523e5a317f10fbe4d5e8c1a761c5fd237f88642f2ba33b23f973ff4002c9b26648d63084ab208d8ecef36497315f6e
  languageName: node
  linkType: hard

"wrappy@npm:1":
  version: 1.0.2
  resolution: "wrappy@npm:1.0.2"
  checksum: 519fcda0fcdf0c16327be2de9d98646742307bc830277e8868529fcf7566f2b330a6453c233e0cdcb767d5838dd61a90984a02ecc983bcddebea5ad0833bbf98
  languageName: node
  linkType: hard
