# This file is generated by running "yarn install" inside your project.
# Manual changes might be lost - proceed with caution!

__metadata:
  version: 4
  cacheKey: 6

"analytics@workspace:services/analytics":
  version: 0.0.0-use.local
  resolution: "analytics@workspace:services/analytics"
  languageName: unknown
  linkType: soft

"billing@workspace:services/billing":
  version: 0.0.0-use.local
  resolution: "billing@workspace:services/billing"
  languageName: unknown
  linkType: soft

"campaign@workspace:services/campaign":
  version: 0.0.0-use.local
  resolution: "campaign@workspace:services/campaign"
  languageName: unknown
  linkType: soft

"comminucation@workspace:services/comminucation":
  version: 0.0.0-use.local
  resolution: "comminucation@workspace:services/comminucation"
  languageName: unknown
  linkType: soft

"contact@workspace:services/contact":
  version: 0.0.0-use.local
  resolution: "contact@workspace:services/contact"
  languageName: unknown
  linkType: soft

"message@workspace:services/message":
  version: 0.0.0-use.local
  resolution: "message@workspace:services/message"
  languageName: unknown
  linkType: soft

"smartercontact-cqrs@workspace:.":
  version: 0.0.0-use.local
  resolution: "smartercontact-cqrs@workspace:."
  dependencies:
    tslib: ^2.0.1
    typescript: ^4.0.2
  languageName: unknown
  linkType: soft

"tslib@npm:^2.0.1":
  version: 2.0.1
  resolution: "tslib@npm:2.0.1"
  checksum: 7b42337a07f536c9650c72471cdf51317f07eb981692e91b8979fee3f6e20136a8f047e6ecdc5f2f3201132a6cc4e0096fa3c58655eba3803bf7fe739ccd088e
  languageName: node
  linkType: hard

typescript@^4.0.2:
  version: 4.0.2
  resolution: "typescript@npm:4.0.2"
  bin:
    tsc: bin/tsc
    tsserver: bin/tsserver
  checksum: cc0e7806eee7997a1b4b2990badacc4a8d089893ed0a377f35c9658e2ac392503cb340d0187203ed82e36e427dda94b0fb7107e44a71cca99efac86be26e16ee
  languageName: node
  linkType: hard

"typescript@patch:typescript@^4.0.2#builtin<compat/typescript>":
  version: 4.0.2
  resolution: "typescript@patch:typescript@npm%3A4.0.2#builtin<compat/typescript>::version=4.0.2&hash=5b02a2"
  bin:
    tsc: bin/tsc
    tsserver: bin/tsserver
  checksum: b8b689ef994cce4fe59950d56ddfffce3c4bdda8edb85b72e752d4a6d27bf7df8a318e76ccde25cbe6e642058f2f4ccf47187db4b243bbc98278a2844db9461b
  languageName: node
  linkType: hard

"user@workspace:services/user":
  version: 0.0.0-use.local
  resolution: "user@workspace:services/user"
  languageName: unknown
  linkType: soft
